
Microsoft Visual Studio Solution File, Format Version 12.00
# Visual Studio Version 16
VisualStudioVersion = 16.0.32630.194
MinimumVisualStudioVersion = 10.0.40219.1
Project("{FAE04EC0-301F-11D3-BF4B-00C04F79EFBC}") = "WebApplication1", "WebApplication1\WebApplication1.csproj", "{3619932B-FD18-4DF7-99F3-F65DB400DCA4}"
EndProject
Global
	GlobalSection(SolutionConfigurationPlatforms) = preSolution
		Debug|Any CPU = Debug|Any CPU
		Release|Any CPU = Release|Any CPU
	EndGlobalSection
	GlobalSection(ProjectConfigurationPlatforms) = postSolution
		{3619932B-FD18-4DF7-99F3-F65DB400DCA4}.Debug|Any CPU.ActiveCfg = Debug|Any CPU
		{3619932B-FD18-4DF7-99F3-F65DB400DCA4}.Debug|Any CPU.Build.0 = Debug|Any CPU
		{3619932B-FD18-4DF7-99F3-F65DB400DCA4}.Release|Any CPU.ActiveCfg = Release|Any CPU
		{3619932B-FD18-4DF7-99F3-F65DB400DCA4}.Release|Any CPU.Build.0 = Release|Any CPU
	EndGlobalSection
	GlobalSection(SolutionProperties) = preSolution
		HideSolutionNode = FALSE
	EndGlobalSection
	GlobalSection(ExtensibilityGlobals) = postSolution
		SolutionGuid = {FE47FCD5-4A86-46D1-88AA-BB5ED0993F18}
	EndGlobalSection
EndGlobal
